
Microsoft Visual Studio Solution File, Format Version 12.00
# Visual Studio Version 17
VisualStudioVersion = 17.4.33213.308
MinimumVisualStudioVersion = 10.0.40219.1
Project("{FAE04EC0-301F-11D3-BF4B-00C04F79EFBC}") = "DurableFunctionApp1", "DurableFunctionApp1\DurableFunctionApp1.csproj", "{0682A34E-8BAE-4B1A-872B-66D77A83FE68}"
EndProject
Global
	GlobalSection(SolutionConfigurationPlatforms) = preSolution
		Debug|Any CPU = Debug|Any CPU
		Release|Any CPU = Release|Any CPU
	EndGlobalSection
	GlobalSection(ProjectConfigurationPlatforms) = postSolution
		{0682A34E-8BAE-4B1A-872B-66D77A83FE68}.Debug|Any CPU.ActiveCfg = Debug|Any CPU
		{0682A34E-8BAE-4B1A-872B-66D77A83FE68}.Debug|Any CPU.Build.0 = Debug|Any CPU
		{0682A34E-8BAE-4B1A-872B-66D77A83FE68}.Release|Any CPU.ActiveCfg = Release|Any CPU
		{0682A34E-8BAE-4B1A-872B-66D77A83FE68}.Release|Any CPU.Build.0 = Release|Any CPU
	EndGlobalSection
	GlobalSection(SolutionProperties) = preSolution
		HideSolutionNode = FALSE
	EndGlobalSection
	GlobalSection(ExtensibilityGlobals) = postSolution
		SolutionGuid = {1E0B4129-6D95-4C4C-9C8E-17EABBA09D27}
	EndGlobalSection
EndGlobal
